{
  "lockfile_version": "1",
  "packages": {
    "github:NixOS/nixpkgs/nixpkgs-unstable": {
      "last_modified": "2025-12-21T10:48:17Z",
      "resolved": "github:NixOS/nixpkgs/306ea70f9eb0fb4e040f8540e2deab32ed7e2055?lastModified=1766314097&narHash=sha256-laJftWbghBehazn%2FzxVJ8NdENVgjccsWAdAqKXhErrM%3D"
    },
    "nodejs@latest": {
      "last_modified": "2025-12-16T16:49:59Z",
      "plugin_version": "0.0.2",
      "resolved": "github:NixOS/nixpkgs/e8d16d2186d6ed9f047eb30948e97e7e01886d10#nodejs_25",
      "source": "devbox-search",
      "version": "25.2.1",
      "systems": {
        "aarch64-darwin": {
          "outputs": [
            {
              "name": "out",
              "path": "/nix/store/ajxskskj35f545fmj96krmr3nkl7m0di-nodejs-25.2.1",
              "default": true
            },
            {
              "name": "dev",
              "path": "/nix/store/fywxvp0nb0ac1rrqh1b2bf6z9d1mg4i9-nodejs-25.2.1-dev"
            },
            {
              "name": "libv8",
              "path": "/nix/store/zxmdjvmhnmvxafzdjlqk59inkalyc32w-nodejs-25.2.1-libv8"
            }
          ],
          "store_path": "/nix/store/ajxskskj35f545fmj96krmr3nkl7m0di-nodejs-25.2.1"
        },
        "aarch64-linux": {
          "outputs": [
            {
              "name": "out",
              "path": "/nix/store/aw0laz6a55b5msgi8lal0jdla2qb2nn1-nodejs-25.2.1",
              "default": true
            },
            {
              "name": "dev",
              "path": "/nix/store/m6acblwai1s839p5g1k9iqirxcfjf1mw-nodejs-25.2.1-dev"
            },
            {
              "name": "libv8",
              "path": "/nix/store/rsw8xhjxzqsxpcwwby8819v44amghf0k-nodejs-25.2.1-libv8"
            }
          ],
          "store_path": "/nix/store/aw0laz6a55b5msgi8lal0jdla2qb2nn1-nodejs-25.2.1"
        },
        "x86_64-darwin": {
          "outputs": [
            {
              "name": "out",
              "path": "/nix/store/8andhdv8bvlnx8935r9qzkzkavbg8yx0-nodejs-25.2.1",
              "default": true
            },
            {
              "name": "libv8",
              "path": "/nix/store/7c92hcl3b25cn2zc2j2fpffzwrnm2dls-nodejs-25.2.1-libv8"
            },
            {
              "name": "dev",
              "path": "/nix/store/2zcdnvf7bm8jkzy9pd3rlihgvz8x7rh4-nodejs-25.2.1-dev"
            }
          ],
          "store_path": "/nix/store/8andhdv8bvlnx8935r9qzkzkavbg8yx0-nodejs-25.2.1"
        },
        "x86_64-linux": {
          "outputs": [
            {
              "name": "out",
              "path": "/nix/store/mky5s5bvvrpfv23fhnmk9ammk1vd70hg-nodejs-25.2.1",
              "default": true
            },
            {
              "name": "dev",
              "path": "/nix/store/x3plz7wk9xkngivkgflq26m5qsd4xyxa-nodejs-25.2.1-dev"
            },
            {
              "name": "libv8",
              "path": "/nix/store/cqxwap3ms2i7rlnyhn53166hsnjmrqvz-nodejs-25.2.1-libv8"
            }
          ],
          "store_path": "/nix/store/mky5s5bvvrpfv23fhnmk9ammk1vd70hg-nodejs-25.2.1"
        }
      }
    },
    "web-ext@latest": {
      "last_modified": "2025-11-23T21:50:36Z",
      "resolved": "github:NixOS/nixpkgs/ee09932cedcef15aaf476f9343d1dea2cb77e261#web-ext",
      "source": "devbox-search",
      "version": "8.10.0",
      "systems": {
        "aarch64-darwin": {
          "outputs": [
            {
              "name": "out",
              "path": "/nix/store/05pzrrj6cf6yh1j8n6y75i02y7pga1il-web-ext-8.10.0",
              "default": true
            }
          ],
          "store_path": "/nix/store/05pzrrj6cf6yh1j8n6y75i02y7pga1il-web-ext-8.10.0"
        },
        "aarch64-linux": {
          "outputs": [
            {
              "name": "out",
              "path": "/nix/store/zy8mxc1wjr7zlysq6kzk6k8f4sj8cpi1-web-ext-8.10.0",
              "default": true
            }
          ],
          "store_path": "/nix/store/zy8mxc1wjr7zlysq6kzk6k8f4sj8cpi1-web-ext-8.10.0"
        },
        "x86_64-darwin": {
          "outputs": [
            {
              "name": "out",
              "path": "/nix/store/j945lizk6v54l5qxj1q72yqqrszdgp24-web-ext-8.10.0",
              "default": true
            }
          ],
          "store_path": "/nix/store/j945lizk6v54l5qxj1q72yqqrszdgp24-web-ext-8.10.0"
        },
        "x86_64-linux": {
          "outputs": [
            {
              "name": "out",
              "path": "/nix/store/nlkmkscvqh9k5axfs131zncj82ayfij2-web-ext-8.10.0",
              "default": true
            }
          ],
          "store_path": "/nix/store/nlkmkscvqh9k5axfs131zncj82ayfij2-web-ext-8.10.0"
        }
      }
    }
  }
}
