{
  "lockfile_version": "1",
  "packages": {
    "github:NixOS/nixpkgs/nixpkgs-unstable": {
      "last_modified": "2026-01-14T12:51:35Z",
      "resolved": "github:NixOS/nixpkgs/13868c071cc73a5e9f610c47d7bb08e5da64fdd5?lastModified=1768395095&narHash=sha256-ZhuYJbwbZT32QA95tSkXd9zXHcdZj90EzHpEXBMabaw%3D"
    },
    "nodejs@latest": {
      "last_modified": "2026-01-14T12:51:35Z",
      "plugin_version": "0.0.2",
      "resolved": "github:NixOS/nixpkgs/13868c071cc73a5e9f610c47d7bb08e5da64fdd5#nodejs_25",
      "source": "devbox-search",
      "version": "25.3.0",
      "systems": {
        "aarch64-darwin": {
          "outputs": [
            {
              "name": "out",
              "path": "/nix/store/k6m3ycx0d199wj6k25w0v464ylq4rxq7-nodejs-25.3.0",
              "default": true
            },
            {
              "name": "dev",
              "path": "/nix/store/nzgf44hn9zr0fzg3l3n1adisrrs4ajmv-nodejs-25.3.0-dev"
            },
            {
              "name": "libv8",
              "path": "/nix/store/71gkz93f07cczgilyxpc8kvrbfj30h6w-nodejs-25.3.0-libv8"
            }
          ],
          "store_path": "/nix/store/k6m3ycx0d199wj6k25w0v464ylq4rxq7-nodejs-25.3.0"
        },
        "aarch64-linux": {
          "outputs": [
            {
              "name": "out",
              "path": "/nix/store/dmqgxh2hgbxygqc86kg1s14032hvq9nz-nodejs-25.3.0",
              "default": true
            },
            {
              "name": "dev",
              "path": "/nix/store/kdgcbcb8yh3pa4cbbr4cv8k9c8d3zfjw-nodejs-25.3.0-dev"
            },
            {
              "name": "libv8",
              "path": "/nix/store/pmscxpbp2bpy3fqhl0kgnlvm6hbjvpj5-nodejs-25.3.0-libv8"
            }
          ],
          "store_path": "/nix/store/dmqgxh2hgbxygqc86kg1s14032hvq9nz-nodejs-25.3.0"
        },
        "x86_64-darwin": {
          "outputs": [
            {
              "name": "out",
              "path": "/nix/store/5wjyfay85d8qnxh61phfvan2wzcnihpn-nodejs-25.3.0",
              "default": true
            },
            {
              "name": "dev",
              "path": "/nix/store/h51crf2a9a01ixck84kach1h3fp924pa-nodejs-25.3.0-dev"
            },
            {
              "name": "libv8",
              "path": "/nix/store/h2r78kcgxkp7absbyzlsnjw99ljckjxh-nodejs-25.3.0-libv8"
            }
          ],
          "store_path": "/nix/store/5wjyfay85d8qnxh61phfvan2wzcnihpn-nodejs-25.3.0"
        },
        "x86_64-linux": {
          "outputs": [
            {
              "name": "out",
              "path": "/nix/store/mnidlfk3ld1n0dll0zdd4mhzbq9phn9n-nodejs-25.3.0",
              "default": true
            },
            {
              "name": "dev",
              "path": "/nix/store/hj75q4m68bh0hf4vgvfj2qdi9gnszw08-nodejs-25.3.0-dev"
            },
            {
              "name": "libv8",
              "path": "/nix/store/icqs2k7jmm6bnykpgyjk3bng65hxs8rq-nodejs-25.3.0-libv8"
            }
          ],
          "store_path": "/nix/store/mnidlfk3ld1n0dll0zdd4mhzbq9phn9n-nodejs-25.3.0"
        }
      }
    },
    "web-ext@latest": {
      "last_modified": "2025-12-31T03:27:36Z",
      "resolved": "github:NixOS/nixpkgs/f665af0cdb70ed27e1bd8f9fdfecaf451260fc55#web-ext",
      "source": "devbox-search",
      "version": "8.10.0",
      "systems": {
        "aarch64-darwin": {
          "outputs": [
            {
              "name": "out",
              "path": "/nix/store/l7gnzy3rcafjwp2l960bz698mp9hgrns-web-ext-8.10.0",
              "default": true
            }
          ],
          "store_path": "/nix/store/l7gnzy3rcafjwp2l960bz698mp9hgrns-web-ext-8.10.0"
        },
        "aarch64-linux": {
          "outputs": [
            {
              "name": "out",
              "path": "/nix/store/0ia57cz539p0jgzpd4g057vgyh06wsnr-web-ext-8.10.0",
              "default": true
            }
          ],
          "store_path": "/nix/store/0ia57cz539p0jgzpd4g057vgyh06wsnr-web-ext-8.10.0"
        },
        "x86_64-darwin": {
          "outputs": [
            {
              "name": "out",
              "path": "/nix/store/gr1pjhf80psg20b0g5yfqqb7shn77q46-web-ext-8.10.0",
              "default": true
            }
          ],
          "store_path": "/nix/store/gr1pjhf80psg20b0g5yfqqb7shn77q46-web-ext-8.10.0"
        },
        "x86_64-linux": {
          "outputs": [
            {
              "name": "out",
              "path": "/nix/store/2c9pbjv7qmxsvs8cp37b6xqqjf2gk4an-web-ext-8.10.0",
              "default": true
            }
          ],
          "store_path": "/nix/store/2c9pbjv7qmxsvs8cp37b6xqqjf2gk4an-web-ext-8.10.0"
        }
      }
    }
  }
}
